{
  "nodes": {
    "nixpkgs": {
      "locked": {
        "lastModified": 1652819037,
        "narHash": "sha256-6t8vHPRVbz6hUkcm5Utn32doCsmsdKXnZSZmjWm47Xs=",
        "owner": "NixOS",
        "repo": "nixpkgs",
        "rev": "ae758a85d7a0e3f1c37c6434cfe81f41f9575992",
        "type": "github"
      },
      "original": {
        "owner": "NixOS",
        "ref": "master",
        "repo": "nixpkgs",
        "type": "github"
      }
    },
    "root": {
      "inputs": {
        "nixpkgs": "nixpkgs"
      }
    }
  },
  "root": "root",
  "version": 7
}
